Microsoft Visual Studio Solution File, Format Version 12.00
# Visual Studio 15
Project("{8BC9CEB8-8B4A-11D0-8D11-00A0C91BC942}") = "ALL_BUILD", "ALL_BUILD.vcxproj", "{BA7408EE-74EA-3793-8100-7F9B249C048B}"
	ProjectSection(ProjectDependencies) = postProject
		{1EE2A85A-7CD5-372A-86E2-184EB7635017} = {1EE2A85A-7CD5-372A-86E2-184EB7635017}
		{127CD9E5-D05A-30EC-8E78-447AA217E283} = {127CD9E5-D05A-30EC-8E78-447AA217E283}
		{1B67A5C6-4170-360E-AEA8-FA1D0B7321BC} = {1B67A5C6-4170-360E-AEA8-FA1D0B7321BC}
	EndProjectSection
EndProject
Project("{8BC9CEB8-8B4A-11D0-8D11-00A0C91BC942}") = "DemodulateMathLib", "DemodulateMathLib.vcxproj", "{1EE2A85A-7CD5-372A-86E2-184EB7635017}"
	ProjectSection(ProjectDependencies) = postProject
		{1B67A5C6-4170-360E-AEA8-FA1D0B7321BC} = {1B67A5C6-4170-360E-AEA8-FA1D0B7321BC}
	EndProjectSection
EndProject
Project("{8BC9CEB8-8B4A-11D0-8D11-00A0C91BC942}") = "DemodulationDemo", "DemodulationDemo.vcxproj", "{127CD9E5-D05A-30EC-8E78-447AA217E283}"
	ProjectSection(ProjectDependencies) = postProject
		{1EE2A85A-7CD5-372A-86E2-184EB7635017} = {1EE2A85A-7CD5-372A-86E2-184EB7635017}
		{1B67A5C6-4170-360E-AEA8-FA1D0B7321BC} = {1B67A5C6-4170-360E-AEA8-FA1D0B7321BC}
	EndProjectSection
EndProject
Project("{8BC9CEB8-8B4A-11D0-8D11-00A0C91BC942}") = "ZERO_CHECK", "ZERO_CHECK.vcxproj", "{1B67A5C6-4170-360E-AEA8-FA1D0B7321BC}"
	ProjectSection(ProjectDependencies) = postProject
	EndProjectSection
EndProject
Global
	GlobalSection(SolutionConfigurationPlatforms) = preSolution
		Debug|Win32 = Debug|Win32
		Release|Win32 = Release|Win32
		MinSizeRel|Win32 = MinSizeRel|Win32
		RelWithDebInfo|Win32 = RelWithDebInfo|Win32
	EndGlobalSection
	GlobalSection(ProjectConfigurationPlatforms) = postSolution
		{BA7408EE-74EA-3793-8100-7F9B249C048B}.Debug|Win32.ActiveCfg = Debug|Win32
		{BA7408EE-74EA-3793-8100-7F9B249C048B}.Release|Win32.ActiveCfg = Release|Win32
		{BA7408EE-74EA-3793-8100-7F9B249C048B}.MinSizeRel|Win32.ActiveCfg = MinSizeRel|Win32
		{BA7408EE-74EA-3793-8100-7F9B249C048B}.RelWithDebInfo|Win32.ActiveCfg = RelWithDebInfo|Win32
		{1EE2A85A-7CD5-372A-86E2-184EB7635017}.Debug|Win32.ActiveCfg = Debug|Win32
		{1EE2A85A-7CD5-372A-86E2-184EB7635017}.Debug|Win32.Build.0 = Debug|Win32
		{1EE2A85A-7CD5-372A-86E2-184EB7635017}.Release|Win32.ActiveCfg = Release|Win32
		{1EE2A85A-7CD5-372A-86E2-184EB7635017}.Release|Win32.Build.0 = Release|Win32
		{1EE2A85A-7CD5-372A-86E2-184EB7635017}.MinSizeRel|Win32.ActiveCfg = MinSizeRel|Win32
		{1EE2A85A-7CD5-372A-86E2-184EB7635017}.MinSizeRel|Win32.Build.0 = MinSizeRel|Win32
		{1EE2A85A-7CD5-372A-86E2-184EB7635017}.RelWithDebInfo|Win32.ActiveCfg = RelWithDebInfo|Win32
		{1EE2A85A-7CD5-372A-86E2-184EB7635017}.RelWithDebInfo|Win32.Build.0 = RelWithDebInfo|Win32
		{127CD9E5-D05A-30EC-8E78-447AA217E283}.Debug|Win32.ActiveCfg = Debug|Win32
		{127CD9E5-D05A-30EC-8E78-447AA217E283}.Debug|Win32.Build.0 = Debug|Win32
		{127CD9E5-D05A-30EC-8E78-447AA217E283}.Release|Win32.ActiveCfg = Release|Win32
		{127CD9E5-D05A-30EC-8E78-447AA217E283}.Release|Win32.Build.0 = Release|Win32
		{127CD9E5-D05A-30EC-8E78-447AA217E283}.MinSizeRel|Win32.ActiveCfg = MinSizeRel|Win32
		{127CD9E5-D05A-30EC-8E78-447AA217E283}.MinSizeRel|Win32.Build.0 = MinSizeRel|Win32
		{127CD9E5-D05A-30EC-8E78-447AA217E283}.RelWithDebInfo|Win32.ActiveCfg = RelWithDebInfo|Win32
		{127CD9E5-D05A-30EC-8E78-447AA217E283}.RelWithDebInfo|Win32.Build.0 = RelWithDebInfo|Win32
		{1B67A5C6-4170-360E-AEA8-FA1D0B7321BC}.Debug|Win32.ActiveCfg = Debug|Win32
		{1B67A5C6-4170-360E-AEA8-FA1D0B7321BC}.Debug|Win32.Build.0 = Debug|Win32
		{1B67A5C6-4170-360E-AEA8-FA1D0B7321BC}.Release|Win32.ActiveCfg = Release|Win32
		{1B67A5C6-4170-360E-AEA8-FA1D0B7321BC}.Release|Win32.Build.0 = Release|Win32
		{1B67A5C6-4170-360E-AEA8-FA1D0B7321BC}.MinSizeRel|Win32.ActiveCfg = MinSizeRel|Win32
		{1B67A5C6-4170-360E-AEA8-FA1D0B7321BC}.MinSizeRel|Win32.Build.0 = MinSizeRel|Win32
		{1B67A5C6-4170-360E-AEA8-FA1D0B7321BC}.RelWithDebInfo|Win32.ActiveCfg = RelWithDebInfo|Win32
		{1B67A5C6-4170-360E-AEA8-FA1D0B7321BC}.RelWithDebInfo|Win32.Build.0 = RelWithDebInfo|Win32
	EndGlobalSection
	GlobalSection(ExtensibilityGlobals) = postSolution
		SolutionGuid = {78B788C4-E0D9-3C66-AB67-A8EBF54DC55E}
	EndGlobalSection
	GlobalSection(ExtensibilityAddIns) = postSolution
	EndGlobalSection
EndGlobal
